
Microsoft Visual Studio Solution File, Format Version 12.00
# Visual Studio 15
VisualStudioVersion = 15.0.28010.2026
MinimumVisualStudioVersion = 10.0.40219.1
Project("{FAE04EC0-301F-11D3-BF4B-00C04F79EFBC}") = "InClassLab11", "InClassLab11\InClassLab11.csproj", "{D7C9043E-6C6C-4E1F-BEFA-73BED1028217}"
EndProject
Global
	GlobalSection(SolutionConfigurationPlatforms) = preSolution
		Debug|Any CPU = Debug|Any CPU
		Release|Any CPU = Release|Any CPU
	EndGlobalSection
	GlobalSection(ProjectConfigurationPlatforms) = postSolution
		{D7C9043E-6C6C-4E1F-BEFA-73BED1028217}.Debug|Any CPU.ActiveCfg = Debug|Any CPU
		{D7C9043E-6C6C-4E1F-BEFA-73BED1028217}.Debug|Any CPU.Build.0 = Debug|Any CPU
		{D7C9043E-6C6C-4E1F-BEFA-73BED1028217}.Release|Any CPU.ActiveCfg = Release|Any CPU
		{D7C9043E-6C6C-4E1F-BEFA-73BED1028217}.Release|Any CPU.Build.0 = Release|Any CPU
	EndGlobalSection
	GlobalSection(SolutionProperties) = preSolution
		HideSolutionNode = FALSE
	EndGlobalSection
	GlobalSection(ExtensibilityGlobals) = postSolution
		SolutionGuid = {FB436B7A-1BD4-4BA3-A7B8-F53AD3C5CF84}
	EndGlobalSection
EndGlobal
